
Microsoft Visual Studio Solution File, Format Version 12.00
# Visual Studio 15
Project("{FAE04EC0-301F-11D3-BF4B-00C04F79EFBC}") = "Assembly-CSharp", "Assembly-CSharp.csproj", "{2C4BA1E6-FD41-E86E-97EF-62596E0A9980}"
EndProject
Project("{FAE04EC0-301F-11D3-BF4B-00C04F79EFBC}") = "Assembly-CSharp-firstpass", "Assembly-CSharp-firstpass.csproj", "{C3030849-253E-15B1-942E-7F528F93FD8D}"
EndProject
Project("{FAE04EC0-301F-11D3-BF4B-00C04F79EFBC}") = "Assembly-CSharp-Editor-firstpass", "Assembly-CSharp-Editor-firstpass.csproj", "{CB1F8B70-E67B-399A-5F5A-7DDE9EE935EC}"
EndProject
Global
	GlobalSection(SolutionConfigurationPlatforms) = preSolution
		Debug|Any CPU = Debug|Any CPU
		Release|Any CPU = Release|Any CPU
	EndGlobalSection
	GlobalSection(ProjectConfigurationPlatforms) = postSolution
		{2C4BA1E6-FD41-E86E-97EF-62596E0A9980}.Debug|Any CPU.ActiveCfg = Debug|Any CPU
		{2C4BA1E6-FD41-E86E-97EF-62596E0A9980}.Debug|Any CPU.Build.0 = Debug|Any CPU
		{2C4BA1E6-FD41-E86E-97EF-62596E0A9980}.Release|Any CPU.ActiveCfg = Release|Any CPU
		{2C4BA1E6-FD41-E86E-97EF-62596E0A9980}.Release|Any CPU.Build.0 = Release|Any CPU
		{C3030849-253E-15B1-942E-7F528F93FD8D}.Debug|Any CPU.ActiveCfg = Debug|Any CPU
		{C3030849-253E-15B1-942E-7F528F93FD8D}.Debug|Any CPU.Build.0 = Debug|Any CPU
		{C3030849-253E-15B1-942E-7F528F93FD8D}.Release|Any CPU.ActiveCfg = Release|Any CPU
		{C3030849-253E-15B1-942E-7F528F93FD8D}.Release|Any CPU.Build.0 = Release|Any CPU
		{CB1F8B70-E67B-399A-5F5A-7DDE9EE935EC}.Debug|Any CPU.ActiveCfg = Debug|Any CPU
		{CB1F8B70-E67B-399A-5F5A-7DDE9EE935EC}.Debug|Any CPU.Build.0 = Debug|Any CPU
		{CB1F8B70-E67B-399A-5F5A-7DDE9EE935EC}.Release|Any CPU.ActiveCfg = Release|Any CPU
		{CB1F8B70-E67B-399A-5F5A-7DDE9EE935EC}.Release|Any CPU.Build.0 = Release|Any CPU
	EndGlobalSection
	GlobalSection(SolutionProperties) = preSolution
		HideSolutionNode = FALSE
	EndGlobalSection
EndGlobal
