
Microsoft Visual Studio Solution File, Format Version 12.00
# Visual Studio 15
Project("{FAE04EC0-301F-11D3-BF4B-00C04F79EFBC}") = "Assembly-CSharp", "Assembly-CSharp.csproj", "{F0E94288-896E-218A-C7DF-81CD628AF665}"
EndProject
Project("{FAE04EC0-301F-11D3-BF4B-00C04F79EFBC}") = "Assembly-CSharp-firstpass", "Assembly-CSharp-firstpass.csproj", "{8982E4EB-B4C9-4BBB-7B35-DC516EF62B55}"
EndProject
Project("{FAE04EC0-301F-11D3-BF4B-00C04F79EFBC}") = "Assembly-CSharp-Editor-firstpass", "Assembly-CSharp-Editor-firstpass.csproj", "{0D95D8E8-A9F0-4676-EACA-10B7E1823785}"
EndProject
Global
	GlobalSection(SolutionConfigurationPlatforms) = preSolution
		Debug|Any CPU = Debug|Any CPU
		Release|Any CPU = Release|Any CPU
	EndGlobalSection
	GlobalSection(ProjectConfigurationPlatforms) = postSolution
		{F0E94288-896E-218A-C7DF-81CD628AF665}.Debug|Any CPU.ActiveCfg = Debug|Any CPU
		{F0E94288-896E-218A-C7DF-81CD628AF665}.Debug|Any CPU.Build.0 = Debug|Any CPU
		{F0E94288-896E-218A-C7DF-81CD628AF665}.Release|Any CPU.ActiveCfg = Release|Any CPU
		{F0E94288-896E-218A-C7DF-81CD628AF665}.Release|Any CPU.Build.0 = Release|Any CPU
		{8982E4EB-B4C9-4BBB-7B35-DC516EF62B55}.Debug|Any CPU.ActiveCfg = Debug|Any CPU
		{8982E4EB-B4C9-4BBB-7B35-DC516EF62B55}.Debug|Any CPU.Build.0 = Debug|Any CPU
		{8982E4EB-B4C9-4BBB-7B35-DC516EF62B55}.Release|Any CPU.ActiveCfg = Release|Any CPU
		{8982E4EB-B4C9-4BBB-7B35-DC516EF62B55}.Release|Any CPU.Build.0 = Release|Any CPU
		{0D95D8E8-A9F0-4676-EACA-10B7E1823785}.Debug|Any CPU.ActiveCfg = Debug|Any CPU
		{0D95D8E8-A9F0-4676-EACA-10B7E1823785}.Debug|Any CPU.Build.0 = Debug|Any CPU
		{0D95D8E8-A9F0-4676-EACA-10B7E1823785}.Release|Any CPU.ActiveCfg = Release|Any CPU
		{0D95D8E8-A9F0-4676-EACA-10B7E1823785}.Release|Any CPU.Build.0 = Release|Any CPU
	EndGlobalSection
	GlobalSection(SolutionProperties) = preSolution
		HideSolutionNode = FALSE
	EndGlobalSection
EndGlobal
